
Microsoft Visual Studio Solution File, Format Version 12.00
# Visual Studio Version 16
VisualStudioVersion = 16.0.30611.23
MinimumVisualStudioVersion = 10.0.40219.1
Project("{FAE04EC0-301F-11D3-BF4B-00C04F79EFBC}") = "tutoring-app", "tutoring-app\tutoring-app.csproj", "{5EAB4DC5-68F2-48DE-95C0-F7811F4BBC9C}"
EndProject
Global
	GlobalSection(SolutionConfigurationPlatforms) = preSolution
		Debug|Any CPU = Debug|Any CPU
		Release|Any CPU = Release|Any CPU
	EndGlobalSection
	GlobalSection(ProjectConfigurationPlatforms) = postSolution
		{5EAB4DC5-68F2-48DE-95C0-F7811F4BBC9C}.Debug|Any CPU.ActiveCfg = Debug|Any CPU
		{5EAB4DC5-68F2-48DE-95C0-F7811F4BBC9C}.Debug|Any CPU.Build.0 = Debug|Any CPU
		{5EAB4DC5-68F2-48DE-95C0-F7811F4BBC9C}.Release|Any CPU.ActiveCfg = Release|Any CPU
		{5EAB4DC5-68F2-48DE-95C0-F7811F4BBC9C}.Release|Any CPU.Build.0 = Release|Any CPU
	EndGlobalSection
	GlobalSection(SolutionProperties) = preSolution
		HideSolutionNode = FALSE
	EndGlobalSection
	GlobalSection(ExtensibilityGlobals) = postSolution
		SolutionGuid = {29FDD84C-26C6-421C-8CD6-8A0E0A7FAAE3}
	EndGlobalSection
EndGlobal
